
Microsoft Visual Studio Solution File, Format Version 12.00
# Visual Studio Version 17
VisualStudioVersion = 17.0.32112.339
MinimumVisualStudioVersion = 10.0.40219.1
Project("{FAE04EC0-301F-11D3-BF4B-00C04F79EFBC}") = "SuperHeroAPI", "SuperHeroAPI\SuperHeroAPI.csproj", "{AF7CFD1E-ADF0-4B18-AE57-DB5C286E4D88}"
EndProject
Global
	GlobalSection(SolutionConfigurationPlatforms) = preSolution
		Debug|Any CPU = Debug|Any CPU
		Release|Any CPU = Release|Any CPU
	EndGlobalSection
	GlobalSection(ProjectConfigurationPlatforms) = postSolution
		{AF7CFD1E-ADF0-4B18-AE57-DB5C286E4D88}.Debug|Any CPU.ActiveCfg = Debug|Any CPU
		{AF7CFD1E-ADF0-4B18-AE57-DB5C286E4D88}.Debug|Any CPU.Build.0 = Debug|Any CPU
		{AF7CFD1E-ADF0-4B18-AE57-DB5C286E4D88}.Release|Any CPU.ActiveCfg = Release|Any CPU
		{AF7CFD1E-ADF0-4B18-AE57-DB5C286E4D88}.Release|Any CPU.Build.0 = Release|Any CPU
	EndGlobalSection
	GlobalSection(SolutionProperties) = preSolution
		HideSolutionNode = FALSE
	EndGlobalSection
	GlobalSection(ExtensibilityGlobals) = postSolution
		SolutionGuid = {A89FDD8C-B3C8-4467-B78C-6535C1DA19D2}
	EndGlobalSection
EndGlobal
